<Solution>
  <Folder Name="/Solution Items/">
    <File Path="nuget.config" />
    <File Path="README.md" />
    <File Path="TestProject/Directory.Build.props" />
    <File Path="TestProject/ReferenceCop.config" />
  </Folder>
  <Project Path="TestProject/SampleApp/SampleApp.csproj" />
  <Project Path="TestProject/SampleLibrary/SampleLibrary.csproj" />
  <Project Path="TestProject/InternalLib/InternalLib.csproj" />
  <Project Path="TestProject/ToolsProject/ToolsProject.csproj" />
  <Project Path="TestProject/ValidApp/ValidApp.csproj" />
</Solution>
